
Microsoft Visual Studio Solution File, Format Version 12.00
# Visual Studio Version 16
VisualStudioVersion = 16.0.34407.143
MinimumVisualStudioVersion = 10.0.40219.1
Project("{FAE04EC0-301F-11D3-BF4B-00C04F79EFBC}") = "Econtact", "Econtact.csproj", "{E727AB1D-2248-4701-8F35-AC4FB17B53F0}"
EndProject
Global
	GlobalSection(SolutionConfigurationPlatforms) = preSolution
		Debug|Any CPU = Debug|Any CPU
		Release|Any CPU = Release|Any CPU
	EndGlobalSection
	GlobalSection(ProjectConfigurationPlatforms) = postSolution
		{E727AB1D-2248-4701-8F35-AC4FB17B53F0}.Debug|Any CPU.ActiveCfg = Debug|Any CPU
		{E727AB1D-2248-4701-8F35-AC4FB17B53F0}.Debug|Any CPU.Build.0 = Debug|Any CPU
		{E727AB1D-2248-4701-8F35-AC4FB17B53F0}.Release|Any CPU.ActiveCfg = Release|Any CPU
		{E727AB1D-2248-4701-8F35-AC4FB17B53F0}.Release|Any CPU.Build.0 = Release|Any CPU
	EndGlobalSection
	GlobalSection(SolutionProperties) = preSolution
		HideSolutionNode = FALSE
	EndGlobalSection
	GlobalSection(ExtensibilityGlobals) = postSolution
		SolutionGuid = {BABCC0FA-BB1B-473C-9096-16F5C4E73730}
	EndGlobalSection
EndGlobal
